
Microsoft Visual Studio Solution File, Format Version 12.00
# Visual Studio 14
VisualStudioVersion = 14.0.25420.1
MinimumVisualStudioVersion = 10.0.40219.1
Project("{FAE04EC0-301F-11D3-BF4B-00C04F79EFBC}") = "Afro-ttraction", "FiveRosesTea\Afro-ttraction.csproj", "{3B1FD890-0AC4-443A-8F09-EF516E15E7F4}"
EndProject
Project("{FAE04EC0-301F-11D3-BF4B-00C04F79EFBC}") = "DataLibrary", "DataLibrary\DataLibrary.csproj", "{AD4A186B-A201-46CA-A480-D841293DE3B5}"
EndProject
Project("{00D1A9C2-B5F0-4AF3-8072-F6C62B433612}") = "ProductsDB", "ProductsDB\ProductsDB.sqlproj", "{6E3F5CE1-8332-42E7-96F6-183238E66464}"
EndProject
Global
	GlobalSection(SolutionConfigurationPlatforms) = preSolution
		Debug|Any CPU = Debug|Any CPU
		Release|Any CPU = Release|Any CPU
	EndGlobalSection
	GlobalSection(ProjectConfigurationPlatforms) = postSolution
		{3B1FD890-0AC4-443A-8F09-EF516E15E7F4}.Debug|Any CPU.ActiveCfg = Debug|Any CPU
		{3B1FD890-0AC4-443A-8F09-EF516E15E7F4}.Debug|Any CPU.Build.0 = Debug|Any CPU
		{3B1FD890-0AC4-443A-8F09-EF516E15E7F4}.Release|Any CPU.ActiveCfg = Release|Any CPU
		{3B1FD890-0AC4-443A-8F09-EF516E15E7F4}.Release|Any CPU.Build.0 = Release|Any CPU
		{AD4A186B-A201-46CA-A480-D841293DE3B5}.Debug|Any CPU.ActiveCfg = Debug|Any CPU
		{AD4A186B-A201-46CA-A480-D841293DE3B5}.Debug|Any CPU.Build.0 = Debug|Any CPU
		{AD4A186B-A201-46CA-A480-D841293DE3B5}.Release|Any CPU.ActiveCfg = Release|Any CPU
		{AD4A186B-A201-46CA-A480-D841293DE3B5}.Release|Any CPU.Build.0 = Release|Any CPU
		{6E3F5CE1-8332-42E7-96F6-183238E66464}.Debug|Any CPU.ActiveCfg = Debug|Any CPU
		{6E3F5CE1-8332-42E7-96F6-183238E66464}.Debug|Any CPU.Build.0 = Debug|Any CPU
		{6E3F5CE1-8332-42E7-96F6-183238E66464}.Debug|Any CPU.Deploy.0 = Debug|Any CPU
		{6E3F5CE1-8332-42E7-96F6-183238E66464}.Release|Any CPU.ActiveCfg = Release|Any CPU
		{6E3F5CE1-8332-42E7-96F6-183238E66464}.Release|Any CPU.Build.0 = Release|Any CPU
		{6E3F5CE1-8332-42E7-96F6-183238E66464}.Release|Any CPU.Deploy.0 = Release|Any CPU
	EndGlobalSection
	GlobalSection(SolutionProperties) = preSolution
		HideSolutionNode = FALSE
	EndGlobalSection
EndGlobal
